
Microsoft Visual Studio Solution File, Format Version 11.00
# Visual Studio 2010
Project("{FAE04EC0-301F-11D3-BF4B-00C04F79EFBC}") = "NavHud", "NavHud.csproj", "{52B99736-1BA1-405E-ABDE-1E464A5A05B1}"
EndProject
Global
	GlobalSection(SolutionConfigurationPlatforms) = preSolution
		Debug|Any CPU = Debug|Any CPU
		Release|Any CPU = Release|Any CPU
	EndGlobalSection
	GlobalSection(ProjectConfigurationPlatforms) = postSolution
		{52B99736-1BA1-405E-ABDE-1E464A5A05B1}.Debug|Any CPU.ActiveCfg = Debug|Any CPU
		{52B99736-1BA1-405E-ABDE-1E464A5A05B1}.Debug|Any CPU.Build.0 = Debug|Any CPU
		{52B99736-1BA1-405E-ABDE-1E464A5A05B1}.Release|Any CPU.ActiveCfg = Release|Any CPU
		{52B99736-1BA1-405E-ABDE-1E464A5A05B1}.Release|Any CPU.Build.0 = Release|Any CPU
	EndGlobalSection
	GlobalSection(MonoDevelopProperties) = preSolution
		StartupItem = NavHud.csproj
	EndGlobalSection
EndGlobal
